
Microsoft Visual Studio Solution File, Format Version 12.00
# Visual Studio Version 16
VisualStudioVersion = 16.0.31005.135
MinimumVisualStudioVersion = 10.0.40219.1
Project("{FAE04EC0-301F-11D3-BF4B-00C04F79EFBC}") = "PPilha_Dinamica_Simplesmente_Encadeada", "PPilha_Dinamica_Simplesmente_Encadeada\PPilha_Dinamica_Simplesmente_Encadeada.csproj", "{89F525EE-0FB3-400F-9A77-77CD26D02DC4}"
EndProject
Global
	GlobalSection(SolutionConfigurationPlatforms) = preSolution
		Debug|Any CPU = Debug|Any CPU
		Release|Any CPU = Release|Any CPU
	EndGlobalSection
	GlobalSection(ProjectConfigurationPlatforms) = postSolution
		{89F525EE-0FB3-400F-9A77-77CD26D02DC4}.Debug|Any CPU.ActiveCfg = Debug|Any CPU
		{89F525EE-0FB3-400F-9A77-77CD26D02DC4}.Debug|Any CPU.Build.0 = Debug|Any CPU
		{89F525EE-0FB3-400F-9A77-77CD26D02DC4}.Release|Any CPU.ActiveCfg = Release|Any CPU
		{89F525EE-0FB3-400F-9A77-77CD26D02DC4}.Release|Any CPU.Build.0 = Release|Any CPU
	EndGlobalSection
	GlobalSection(SolutionProperties) = preSolution
		HideSolutionNode = FALSE
	EndGlobalSection
	GlobalSection(ExtensibilityGlobals) = postSolution
		SolutionGuid = {2962FEC2-E59D-4D4D-8C4F-29D58FEDA353}
	EndGlobalSection
EndGlobal
